Microsoft Visual Studio Solution File, Format Version 12.00
# Visual Studio Version 17
VisualStudioVersion = 17.5.2.0
MinimumVisualStudioVersion = 10.0.40219.1
Project("{FAE04EC0-301F-11D3-BF4B-00C04F79EFBC}") = "PukulTikus", "PukulTikus.csproj", "{5A17884E-B2CB-A905-86CF-59C2B0B13CC4}"
EndProject
Global
	GlobalSection(SolutionConfigurationPlatforms) = preSolution
		Debug|Any CPU = Debug|Any CPU
		Release|Any CPU = Release|Any CPU
	EndGlobalSection
	GlobalSection(ProjectConfigurationPlatforms) = postSolution
		{5A17884E-B2CB-A905-86CF-59C2B0B13CC4}.Debug|Any CPU.ActiveCfg = Debug|Any CPU
		{5A17884E-B2CB-A905-86CF-59C2B0B13CC4}.Debug|Any CPU.Build.0 = Debug|Any CPU
		{5A17884E-B2CB-A905-86CF-59C2B0B13CC4}.Release|Any CPU.ActiveCfg = Release|Any CPU
		{5A17884E-B2CB-A905-86CF-59C2B0B13CC4}.Release|Any CPU.Build.0 = Release|Any CPU
	EndGlobalSection
	GlobalSection(SolutionProperties) = preSolution
		HideSolutionNode = FALSE
	EndGlobalSection
	GlobalSection(ExtensibilityGlobals) = postSolution
		SolutionGuid = {9C1B0CF4-3D52-40F5-B55C-D54C86EDF0E1}
	EndGlobalSection
EndGlobal
